// !$*UTF8*$!
{
	archiveVersion = 1;
	classes = {
	};
	objectVersion = 55;
	objects = {

/* Begin PBXBuildFile section */
		495D505F286D1B52005786E2 /* LeftHandPathRendererApp.swift in Sources */ = {isa = PBXBuildFile; fileRef = 495D505E286D1B52005786E2 /* LeftHandPathRendererApp.swift */; };
		495D5061286D1B52005786E2 /* ContentView.swift in Sources */ = {isa = PBXBuildFile; fileRef = 495D5060286D1B52005786E2 /* ContentView.swift */; };
		495D5063286D1B54005786E2 /* Assets.xcassets in Resources */ = {isa = PBXBuildFile; fileRef = 495D5062286D1B54005786E2 /* Assets.xcassets */; };
		495D5066286D1B54005786E2 /* Preview Assets.xcassets in Resources */ = {isa = PBXBuildFile; fileRef = 495D5065286D1B54005786E2 /* Preview Assets.xcassets */; };
		499D441B28596A69008F8D38 /* CloudKit.framework in Frameworks */ = {isa = PBXBuildFile; fileRef = 499D441A28596A69008F8D38 /* CloudKit.framework */; };
		499D442428596C04008F8D38 /* LeftHandMacApp.swift in Sources */ = {isa = PBXBuildFile; fileRef = 499D442328596C04008F8D38 /* LeftHandMacApp.swift */; };
		499D442628596C04008F8D38 /* ContentView.swift in Sources */ = {isa = PBXBuildFile; fileRef = 499D442528596C04008F8D38 /* ContentView.swift */; };
		499D442828596C05008F8D38 /* Assets.xcassets in Resources */ = {isa = PBXBuildFile; fileRef = 499D442728596C05008F8D38 /* Assets.xcassets */; };
		499D442B28596C05008F8D38 /* Preview Assets.xcassets in Resources */ = {isa = PBXBuildFile; fileRef = 499D442A28596C05008F8D38 /* Preview Assets.xcassets */; };
		499D442D28596C05008F8D38 /* Persistence.swift in Sources */ = {isa = PBXBuildFile; fileRef = 499D442C28596C05008F8D38 /* Persistence.swift */; };
		499D443628596C1A008F8D38 /* CloudKit.framework in Frameworks */ = {isa = PBXBuildFile; fileRef = 499D443528596C1A008F8D38 /* CloudKit.framework */; };
		499D443928596C9A008F8D38 /* LeftHand.xcdatamodeld in Sources */ = {isa = PBXBuildFile; fileRef = 499D443728596C9A008F8D38 /* LeftHand.xcdatamodeld */; };
		49A2B28528641E7B0091F2D7 /* OtagoLogo.jpeg in Resources */ = {isa = PBXBuildFile; fileRef = 49A2B28428641E7B0091F2D7 /* OtagoLogo.jpeg */; };
		49B0C132285AA85600F561F9 /* DemographicsView.swift in Sources */ = {isa = PBXBuildFile; fileRef = 49B0C131285AA85600F561F9 /* DemographicsView.swift */; };
		49B0C134285AEFD500F561F9 /* ConsentView.swift in Sources */ = {isa = PBXBuildFile; fileRef = 49B0C133285AEFD500F561F9 /* ConsentView.swift */; };
		49D592ED285BFC400041D63C /* OrderingView.swift in Sources */ = {isa = PBXBuildFile; fileRef = 49D592EC285BFC400041D63C /* OrderingView.swift */; };
		49FA6C7328498EB2008F4F77 /* LeftHandApp.swift in Sources */ = {isa = PBXBuildFile; fileRef = 49FA6C7228498EB2008F4F77 /* LeftHandApp.swift */; };
		49FA6C7528498EB2008F4F77 /* ContentView.swift in Sources */ = {isa = PBXBuildFile; fileRef = 49FA6C7428498EB2008F4F77 /* ContentView.swift */; };
		49FA6C7728498EB3008F4F77 /* Assets.xcassets in Resources */ = {isa = PBXBuildFile; fileRef = 49FA6C7628498EB3008F4F77 /* Assets.xcassets */; };
		49FA6C7A28498EB3008F4F77 /* Preview Assets.xcassets in Resources */ = {isa = PBXBuildFile; fileRef = 49FA6C7928498EB3008F4F77 /* Preview Assets.xcassets */; };
		49FA6C8128498F02008F4F77 /* MyCanvas.swift in Sources */ = {isa = PBXBuildFile; fileRef = 49FA6C8028498F02008F4F77 /* MyCanvas.swift */; };
		49FA6C842849AD42008F4F77 /* LeftHand.xcdatamodeld in Sources */ = {isa = PBXBuildFile; fileRef = 49FA6C822849AD42008F4F77 /* LeftHand.xcdatamodeld */; };
		49FA6C862849AE42008F4F77 /* DataContainer.swift in Sources */ = {isa = PBXBuildFile; fileRef = 49FA6C852849AE42008F4F77 /* DataContainer.swift */; };
/* End PBXBuildFile section */

/* Begin PBXFileReference section */
		495D505C286D1B52005786E2 /* LeftHandPathRenderer.app */ = {isa = PBXFileReference; explicitFileType = wrapper.application; includeInIndex = 0; path = LeftHandPathRenderer.app; sourceTree = BUILT_PRODUCTS_DIR; };
		495D505E286D1B52005786E2 /* LeftHandPathRendererApp.swift */ = {isa = PBXFileReference; lastKnownFileType = sourcecode.swift; path = LeftHandPathRendererApp.swift; sourceTree = "<group>"; };
		495D5060286D1B52005786E2 /* ContentView.swift */ = {isa = PBXFileReference; lastKnownFileType = sourcecode.swift; path = ContentView.swift; sourceTree = "<group>"; };
		495D5062286D1B54005786E2 /* Assets.xcassets */ = {isa = PBXFileReference; lastKnownFileType = folder.assetcatalog; path = Assets.xcassets; sourceTree = "<group>"; };
		495D5065286D1B54005786E2 /* Preview Assets.xcassets */ = {isa = PBXFileReference; lastKnownFileType = folder.assetcatalog; path = "Preview Assets.xcassets"; sourceTree = "<group>"; };
		495D5067286D1B54005786E2 /* LeftHandPathRenderer.entitlements */ = {isa = PBXFileReference; lastKnownFileType = text.plist.entitlements; path = LeftHandPathRenderer.entitlements; sourceTree = "<group>"; };
		499D441828596A60008F8D38 /* LeftHand.entitlements */ = {isa = PBXFileReference; lastKnownFileType = text.plist.entitlements; path = LeftHand.entitlements; sourceTree = "<group>"; };
		499D441A28596A69008F8D38 /* CloudKit.framework */ = {isa = PBXFileReference; lastKnownFileType = wrapper.framework; name = CloudKit.framework; path = System/Library/Frameworks/CloudKit.framework; sourceTree = SDKROOT; };
		499D441C28596A7F008F8D38 /* Info.plist */ = {isa = PBXFileReference; lastKnownFileType = text.plist; path = Info.plist; sourceTree = "<group>"; };
		499D442128596C04008F8D38 /* LeftHandMac.app */ = {isa = PBXFileReference; explicitFileType = wrapper.application; includeInIndex = 0; path = LeftHandMac.app; sourceTree = BUILT_PRODUCTS_DIR; };
		499D442328596C04008F8D38 /* LeftHandMacApp.swift */ = {isa = PBXFileReference; lastKnownFileType = sourcecode.swift; path = LeftHandMacApp.swift; sourceTree = "<group>"; };
		499D442528596C04008F8D38 /* ContentView.swift */ = {isa = PBXFileReference; lastKnownFileType = sourcecode.swift; path = ContentView.swift; sourceTree = "<group>"; };
		499D442728596C05008F8D38 /* Assets.xcassets */ = {isa = PBXFileReference; lastKnownFileType = folder.assetcatalog; path = Assets.xcassets; sourceTree = "<group>"; };
		499D442A28596C05008F8D38 /* Preview Assets.xcassets */ = {isa = PBXFileReference; lastKnownFileType = folder.assetcatalog; path = "Preview Assets.xcassets"; sourceTree = "<group>"; };
		499D442C28596C05008F8D38 /* Persistence.swift */ = {isa = PBXFileReference; lastKnownFileType = sourcecode.swift; path = Persistence.swift; sourceTree = "<group>"; };
		499D443128596C05008F8D38 /* LeftHandMac.entitlements */ = {isa = PBXFileReference; lastKnownFileType = text.plist.entitlements; path = LeftHandMac.entitlements; sourceTree = "<group>"; };
		499D443528596C1A008F8D38 /* CloudKit.framework */ = {isa = PBXFileReference; lastKnownFileType = wrapper.framework; name = CloudKit.framework; path = Platforms/MacOSX.platform/Developer/SDKs/MacOSX12.1.sdk/System/Library/Frameworks/CloudKit.framework; sourceTree = DEVELOPER_DIR; };
		499D443828596C9A008F8D38 /* Store.xcdatamodel */ = {isa = PBXFileReference; lastKnownFileType = wrapper.xcdatamodel; path = Store.xcdatamodel; sourceTree = "<group>"; };
		49A2B28428641E7B0091F2D7 /* OtagoLogo.jpeg */ = {isa = PBXFileReference; lastKnownFileType = image.jpeg; path = OtagoLogo.jpeg; sourceTree = "<group>"; };
		49B0C131285AA85600F561F9 /* DemographicsView.swift */ = {isa = PBXFileReference; lastKnownFileType = sourcecode.swift; path = DemographicsView.swift; sourceTree = "<group>"; };
		49B0C133285AEFD500F561F9 /* ConsentView.swift */ = {isa = PBXFileReference; lastKnownFileType = sourcecode.swift; path = ConsentView.swift; sourceTree = "<group>"; };
		49D592EC285BFC400041D63C /* OrderingView.swift */ = {isa = PBXFileReference; lastKnownFileType = sourcecode.swift; path = OrderingView.swift; sourceTree = "<group>"; };
		49FA6C6F28498EB2008F4F77 /* LeftHand.app */ = {isa = PBXFileReference; explicitFileType = wrapper.application; includeInIndex = 0; path = LeftHand.app; sourceTree = BUILT_PRODUCTS_DIR; };
		49FA6C7228498EB2008F4F77 /* LeftHandApp.swift */ = {isa = PBXFileReference; lastKnownFileType = sourcecode.swift; path = LeftHandApp.swift; sourceTree = "<group>"; };
		49FA6C7428498EB2008F4F77 /* ContentView.swift */ = {isa = PBXFileReference; lastKnownFileType = sourcecode.swift; path = ContentView.swift; sourceTree = "<group>"; };
		49FA6C7628498EB3008F4F77 /* Assets.xcassets */ = {isa = PBXFileReference; lastKnownFileType = folder.assetcatalog; path = Assets.xcassets; sourceTree = "<group>"; };
		49FA6C7928498EB3008F4F77 /* Preview Assets.xcassets */ = {isa = PBXFileReference; lastKnownFileType = folder.assetcatalog; path = "Preview Assets.xcassets"; sourceTree = "<group>"; };
		49FA6C8028498F02008F4F77 /* MyCanvas.swift */ = {isa = PBXFileReference; lastKnownFileType = sourcecode.swift; path = MyCanvas.swift; sourceTree = "<group>"; };
		49FA6C832849AD42008F4F77 /* Store.xcdatamodel */ = {isa = PBXFileReference; lastKnownFileType = wrapper.xcdatamodel; path = Store.xcdatamodel; sourceTree = "<group>"; };
		49FA6C852849AE42008F4F77 /* DataContainer.swift */ = {isa = PBXFileReference; lastKnownFileType = sourcecode.swift; path = DataContainer.swift; sourceTree = "<group>"; };
/* End PBXFileReference section */

/* Begin PBXFrameworksBuildPhase section */
		495D5059286D1B52005786E2 /* Frameworks */ = {
			isa = PBXFrameworksBuildPhase;
			buildActionMask = 2147483647;
			files = (
			);
			runOnlyForDeploymentPostprocessing = 0;
		};
		499D441E28596C04008F8D38 /* Frameworks */ = {
			isa = PBXFrameworksBuildPhase;
			buildActionMask = 2147483647;
			files = (
				499D443628596C1A008F8D38 /* CloudKit.framework in Frameworks */,
			);
			runOnlyForDeploymentPostprocessing = 0;
		};
		49FA6C6C28498EB2008F4F77 /* Frameworks */ = {
			isa = PBXFrameworksBuildPhase;
			buildActionMask = 2147483647;
			files = (
				499D441B28596A69008F8D38 /* CloudKit.framework in Frameworks */,
			);
			runOnlyForDeploymentPostprocessing = 0;
		};
/* End PBXFrameworksBuildPhase section */

/* Begin PBXGroup section */
		495D505D286D1B52005786E2 /* LeftHandPathRenderer */ = {
			isa = PBXGroup;
			children = (
				495D505E286D1B52005786E2 /* LeftHandPathRendererApp.swift */,
				495D5060286D1B52005786E2 /* ContentView.swift */,
				495D5062286D1B54005786E2 /* Assets.xcassets */,
				495D5067286D1B54005786E2 /* LeftHandPathRenderer.entitlements */,
				495D5064286D1B54005786E2 /* Preview Content */,
			);
			path = LeftHandPathRenderer;
			sourceTree = "<group>";
		};
		495D5064286D1B54005786E2 /* Preview Content */ = {
			isa = PBXGroup;
			children = (
				495D5065286D1B54005786E2 /* Preview Assets.xcassets */,
			);
			path = "Preview Content";
			sourceTree = "<group>";
		};
		499D441928596A69008F8D38 /* Frameworks */ = {
			isa = PBXGroup;
			children = (
				499D443528596C1A008F8D38 /* CloudKit.framework */,
				499D441A28596A69008F8D38 /* CloudKit.framework */,
			);
			name = Frameworks;
			sourceTree = "<group>";
		};
		499D442228596C04008F8D38 /* LeftHandMac */ = {
			isa = PBXGroup;
			children = (
				499D442328596C04008F8D38 /* LeftHandMacApp.swift */,
				499D442528596C04008F8D38 /* ContentView.swift */,
				499D443728596C9A008F8D38 /* LeftHand.xcdatamodeld */,
				499D442728596C05008F8D38 /* Assets.xcassets */,
				499D442C28596C05008F8D38 /* Persistence.swift */,
				499D443128596C05008F8D38 /* LeftHandMac.entitlements */,
				499D442928596C05008F8D38 /* Preview Content */,
			);
			path = LeftHandMac;
			sourceTree = "<group>";
		};
		499D442928596C05008F8D38 /* Preview Content */ = {
			isa = PBXGroup;
			children = (
				499D442A28596C05008F8D38 /* Preview Assets.xcassets */,
			);
			path = "Preview Content";
			sourceTree = "<group>";
		};
		49FA6C6628498EB2008F4F77 = {
			isa = PBXGroup;
			children = (
				49FA6C7128498EB2008F4F77 /* LeftHand */,
				499D442228596C04008F8D38 /* LeftHandMac */,
				495D505D286D1B52005786E2 /* LeftHandPathRenderer */,
				49FA6C7028498EB2008F4F77 /* Products */,
				499D441928596A69008F8D38 /* Frameworks */,
			);
			sourceTree = "<group>";
		};
		49FA6C7028498EB2008F4F77 /* Products */ = {
			isa = PBXGroup;
			children = (
				49FA6C6F28498EB2008F4F77 /* LeftHand.app */,
				499D442128596C04008F8D38 /* LeftHandMac.app */,
				495D505C286D1B52005786E2 /* LeftHandPathRenderer.app */,
			);
			name = Products;
			sourceTree = "<group>";
		};
		49FA6C7128498EB2008F4F77 /* LeftHand */ = {
			isa = PBXGroup;
			children = (
				499D441C28596A7F008F8D38 /* Info.plist */,
				499D441828596A60008F8D38 /* LeftHand.entitlements */,
				49A2B28428641E7B0091F2D7 /* OtagoLogo.jpeg */,
				49FA6C7228498EB2008F4F77 /* LeftHandApp.swift */,
				49FA6C7428498EB2008F4F77 /* ContentView.swift */,
				49B0C131285AA85600F561F9 /* DemographicsView.swift */,
				49B0C133285AEFD500F561F9 /* ConsentView.swift */,
				49D592EC285BFC400041D63C /* OrderingView.swift */,
				49FA6C8028498F02008F4F77 /* MyCanvas.swift */,
				49FA6C822849AD42008F4F77 /* LeftHand.xcdatamodeld */,
				49FA6C852849AE42008F4F77 /* DataContainer.swift */,
				49FA6C7628498EB3008F4F77 /* Assets.xcassets */,
				49FA6C7828498EB3008F4F77 /* Preview Content */,
			);
			path = LeftHand;
			sourceTree = "<group>";
		};
		49FA6C7828498EB3008F4F77 /* Preview Content */ = {
			isa = PBXGroup;
			children = (
				49FA6C7928498EB3008F4F77 /* Preview Assets.xcassets */,
			);
			path = "Preview Content";
			sourceTree = "<group>";
		};
/* End PBXGroup section */

/* Begin PBXNativeTarget section */
		495D505B286D1B52005786E2 /* LeftHandPathRenderer */ = {
			isa = PBXNativeTarget;
			buildConfigurationList = 495D506A286D1B54005786E2 /* Build configuration list for PBXNativeTarget "LeftHandPathRenderer" */;
			buildPhases = (
				495D5058286D1B52005786E2 /* Sources */,
				495D5059286D1B52005786E2 /* Frameworks */,
				495D505A286D1B52005786E2 /* Resources */,
			);
			buildRules = (
			);
			dependencies = (
			);
			name = LeftHandPathRenderer;
			productName = LeftHandPathRenderer;
			productReference = 495D505C286D1B52005786E2 /* LeftHandPathRenderer.app */;
			productType = "com.apple.product-type.application";
		};
		499D442028596C04008F8D38 /* LeftHandMac */ = {
			isa = PBXNativeTarget;
			buildConfigurationList = 499D443228596C05008F8D38 /* Build configuration list for PBXNativeTarget "LeftHandMac" */;
			buildPhases = (
				499D441D28596C04008F8D38 /* Sources */,
				499D441E28596C04008F8D38 /* Frameworks */,
				499D441F28596C04008F8D38 /* Resources */,
			);
			buildRules = (
			);
			dependencies = (
			);
			name = LeftHandMac;
			productName = LeftHandMac;
			productReference = 499D442128596C04008F8D38 /* LeftHandMac.app */;
			productType = "com.apple.product-type.application";
		};
		49FA6C6E28498EB2008F4F77 /* LeftHand */ = {
			isa = PBXNativeTarget;
			buildConfigurationList = 49FA6C7D28498EB3008F4F77 /* Build configuration list for PBXNativeTarget "LeftHand" */;
			buildPhases = (
				49FA6C6B28498EB2008F4F77 /* Sources */,
				49FA6C6C28498EB2008F4F77 /* Frameworks */,
				49FA6C6D28498EB2008F4F77 /* Resources */,
			);
			buildRules = (
			);
			dependencies = (
			);
			name = LeftHand;
			productName = LeftHand;
			productReference = 49FA6C6F28498EB2008F4F77 /* LeftHand.app */;
			productType = "com.apple.product-type.application";
		};
/* End PBXNativeTarget section */

/* Begin PBXProject section */
		49FA6C6728498EB2008F4F77 /* Project object */ = {
			isa = PBXProject;
			attributes = {
				BuildIndependentTargetsInParallel = 1;
				LastSwiftUpdateCheck = 1320;
				LastUpgradeCheck = 1320;
				TargetAttributes = {
					495D505B286D1B52005786E2 = {
						CreatedOnToolsVersion = 13.2.1;
					};
					499D442028596C04008F8D38 = {
						CreatedOnToolsVersion = 13.2.1;
					};
					49FA6C6E28498EB2008F4F77 = {
						CreatedOnToolsVersion = 13.2.1;
					};
				};
			};
			buildConfigurationList = 49FA6C6A28498EB2008F4F77 /* Build configuration list for PBXProject "LeftHand" */;
			compatibilityVersion = "Xcode 13.0";
			developmentRegion = en;
			hasScannedForEncodings = 0;
			knownRegions = (
				en,
				Base,
			);
			mainGroup = 49FA6C6628498EB2008F4F77;
			productRefGroup = 49FA6C7028498EB2008F4F77 /* Products */;
			projectDirPath = "";
			projectRoot = "";
			targets = (
				49FA6C6E28498EB2008F4F77 /* LeftHand */,
				499D442028596C04008F8D38 /* LeftHandMac */,
				495D505B286D1B52005786E2 /* LeftHandPathRenderer */,
			);
		};
/* End PBXProject section */

/* Begin PBXResourcesBuildPhase section */
		495D505A286D1B52005786E2 /* Resources */ = {
			isa = PBXResourcesBuildPhase;
			buildActionMask = 2147483647;
			files = (
				495D5066286D1B54005786E2 /* Preview Assets.xcassets in Resources */,
				495D5063286D1B54005786E2 /* Assets.xcassets in Resources */,
			);
			runOnlyForDeploymentPostprocessing = 0;
		};
		499D441F28596C04008F8D38 /* Resources */ = {
			isa = PBXResourcesBuildPhase;
			buildActionMask = 2147483647;
			files = (
				499D442B28596C05008F8D38 /* Preview Assets.xcassets in Resources */,
				499D442828596C05008F8D38 /* Assets.xcassets in Resources */,
			);
			runOnlyForDeploymentPostprocessing = 0;
		};
		49FA6C6D28498EB2008F4F77 /* Resources */ = {
			isa = PBXResourcesBuildPhase;
			buildActionMask = 2147483647;
			files = (
				49FA6C7A28498EB3008F4F77 /* Preview Assets.xcassets in Resources */,
				49FA6C7728498EB3008F4F77 /* Assets.xcassets in Resources */,
				49A2B28528641E7B0091F2D7 /* OtagoLogo.jpeg in Resources */,
			);
			runOnlyForDeploymentPostprocessing = 0;
		};
/* End PBXResourcesBuildPhase section */

/* Begin PBXSourcesBuildPhase section */
		495D5058286D1B52005786E2 /* Sources */ = {
			isa = PBXSourcesBuildPhase;
			buildActionMask = 2147483647;
			files = (
				495D5061286D1B52005786E2 /* ContentView.swift in Sources */,
				495D505F286D1B52005786E2 /* LeftHandPathRendererApp.swift in Sources */,
			);
			runOnlyForDeploymentPostprocessing = 0;
		};
		499D441D28596C04008F8D38 /* Sources */ = {
			isa = PBXSourcesBuildPhase;
			buildActionMask = 2147483647;
			files = (
				499D442D28596C05008F8D38 /* Persistence.swift in Sources */,
				499D442628596C04008F8D38 /* ContentView.swift in Sources */,
				499D442428596C04008F8D38 /* LeftHandMacApp.swift in Sources */,
				499D443928596C9A008F8D38 /* LeftHand.xcdatamodeld in Sources */,
			);
			runOnlyForDeploymentPostprocessing = 0;
		};
		49FA6C6B28498EB2008F4F77 /* Sources */ = {
			isa = PBXSourcesBuildPhase;
			buildActionMask = 2147483647;
			files = (
				49FA6C8128498F02008F4F77 /* MyCanvas.swift in Sources */,
				49FA6C862849AE42008F4F77 /* DataContainer.swift in Sources */,
				49D592ED285BFC400041D63C /* OrderingView.swift in Sources */,
				49B0C132285AA85600F561F9 /* DemographicsView.swift in Sources */,
				49B0C134285AEFD500F561F9 /* ConsentView.swift in Sources */,
				49FA6C7528498EB2008F4F77 /* ContentView.swift in Sources */,
				49FA6C7328498EB2008F4F77 /* LeftHandApp.swift in Sources */,
				49FA6C842849AD42008F4F77 /* LeftHand.xcdatamodeld in Sources */,
			);
			runOnlyForDeploymentPostprocessing = 0;
		};
/* End PBXSourcesBuildPhase section */

/* Begin XCBuildConfiguration section */
		495D5068286D1B54005786E2 /* Debug */ = {
			isa = XCBuildConfiguration;
			buildSettings = {
				ASSETCATALOG_COMPILER_APPICON_NAME = AppIcon;
				ASSETCATALOG_COMPILER_GLOBAL_ACCENT_COLOR_NAME = AccentColor;
				CODE_SIGN_ENTITLEMENTS = LeftHandPathRenderer/LeftHandPathRenderer.entitlements;
				CODE_SIGN_STYLE = Automatic;
				COMBINE_HIDPI_IMAGES = YES;
				CURRENT_PROJECT_VERSION = 1;
				DEVELOPMENT_ASSET_PATHS = "\"LeftHandPathRenderer/Preview Content\"";
				DEVELOPMENT_TEAM = JL2ZYSYD53;
				ENABLE_HARDENED_RUNTIME = YES;
				ENABLE_PREVIEWS = YES;
				GENERATE_INFOPLIST_FILE = YES;
				INFOPLIST_KEY_NSHumanReadableCopyright = "";
				LD_RUNPATH_SEARCH_PATHS = (
					"$(inherited)",
					"@executable_path/../Frameworks",
				);
				MACOSX_DEPLOYMENT_TARGET = 11.6;
				MARKETING_VERSION = 1.0;
				PRODUCT_BUNDLE_IDENTIFIER = aspt.LeftHandPathRenderer;
				PRODUCT_NAME = "$(TARGET_NAME)";
				SDKROOT = macosx;
				SWIFT_EMIT_LOC_STRINGS = YES;
				SWIFT_VERSION = 5.0;
			};
			name = Debug;
		};
		495D5069286D1B54005786E2 /* Release */ = {
			isa = XCBuildConfiguration;
			buildSettings = {
				ASSETCATALOG_COMPILER_APPICON_NAME = AppIcon;
				ASSETCATALOG_COMPILER_GLOBAL_ACCENT_COLOR_NAME = AccentColor;
				CODE_SIGN_ENTITLEMENTS = LeftHandPathRenderer/LeftHandPathRenderer.entitlements;
				CODE_SIGN_STYLE = Automatic;
				COMBINE_HIDPI_IMAGES = YES;
				CURRENT_PROJECT_VERSION = 1;
				DEVELOPMENT_ASSET_PATHS = "\"LeftHandPathRenderer/Preview Content\"";
				DEVELOPMENT_TEAM = JL2ZYSYD53;
				ENABLE_HARDENED_RUNTIME = YES;
				ENABLE_PREVIEWS = YES;
				GENERATE_INFOPLIST_FILE = YES;
				INFOPLIST_KEY_NSHumanReadableCopyright = "";
				LD_RUNPATH_SEARCH_PATHS = (
					"$(inherited)",
					"@executable_path/../Frameworks",
				);
				MACOSX_DEPLOYMENT_TARGET = 11.6;
				MARKETING_VERSION = 1.0;
				PRODUCT_BUNDLE_IDENTIFIER = aspt.LeftHandPathRenderer;
				PRODUCT_NAME = "$(TARGET_NAME)";
				SDKROOT = macosx;
				SWIFT_EMIT_LOC_STRINGS = YES;
				SWIFT_VERSION = 5.0;
			};
			name = Release;
		};
		499D443328596C05008F8D38 /* Debug */ = {
			isa = XCBuildConfiguration;
			buildSettings = {
				ASSETCATALOG_COMPILER_APPICON_NAME = AppIcon;
				ASSETCATALOG_COMPILER_GLOBAL_ACCENT_COLOR_NAME = AccentColor;
				CODE_SIGN_ENTITLEMENTS = LeftHandMac/LeftHandMac.entitlements;
				CODE_SIGN_STYLE = Automatic;
				COMBINE_HIDPI_IMAGES = YES;
				CURRENT_PROJECT_VERSION = 1;
				DEVELOPMENT_ASSET_PATHS = "\"LeftHandMac/Preview Content\"";
				DEVELOPMENT_TEAM = JL2ZYSYD53;
				ENABLE_HARDENED_RUNTIME = YES;
				ENABLE_PREVIEWS = YES;
				GENERATE_INFOPLIST_FILE = YES;
				INFOPLIST_KEY_NSHumanReadableCopyright = "";
				LD_RUNPATH_SEARCH_PATHS = (
					"$(inherited)",
					"@executable_path/../Frameworks",
				);
				MACOSX_DEPLOYMENT_TARGET = 11.6;
				MARKETING_VERSION = 1.0;
				PRODUCT_BUNDLE_IDENTIFIER = aspt.LeftHandMac;
				PRODUCT_NAME = "$(TARGET_NAME)";
				SDKROOT = macosx;
				SWIFT_EMIT_LOC_STRINGS = YES;
				SWIFT_VERSION = 5.0;
			};
			name = Debug;
		};
		499D443428596C05008F8D38 /* Release */ = {
			isa = XCBuildConfiguration;
			buildSettings = {
				ASSETCATALOG_COMPILER_APPICON_NAME = AppIcon;
				ASSETCATALOG_COMPILER_GLOBAL_ACCENT_COLOR_NAME = AccentColor;
				CODE_SIGN_ENTITLEMENTS = LeftHandMac/LeftHandMac.entitlements;
				CODE_SIGN_STYLE = Automatic;
				COMBINE_HIDPI_IMAGES = YES;
				CURRENT_PROJECT_VERSION = 1;
				DEVELOPMENT_ASSET_PATHS = "\"LeftHandMac/Preview Content\"";
				DEVELOPMENT_TEAM = JL2ZYSYD53;
				ENABLE_HARDENED_RUNTIME = YES;
				ENABLE_PREVIEWS = YES;
				GENERATE_INFOPLIST_FILE = YES;
				INFOPLIST_KEY_NSHumanReadableCopyright = "";
				LD_RUNPATH_SEARCH_PATHS = (
					"$(inherited)",
					"@executable_path/../Frameworks",
				);
				MACOSX_DEPLOYMENT_TARGET = 11.6;
				MARKETING_VERSION = 1.0;
				PRODUCT_BUNDLE_IDENTIFIER = aspt.LeftHandMac;
				PRODUCT_NAME = "$(TARGET_NAME)";
				SDKROOT = macosx;
				SWIFT_EMIT_LOC_STRINGS = YES;
				SWIFT_VERSION = 5.0;
			};
			name = Release;
		};
		49FA6C7B28498EB3008F4F77 /* Debug */ = {
			isa = XCBuildConfiguration;
			buildSettings = {
				ALWAYS_SEARCH_USER_PATHS = NO;
				CLANG_ANALYZER_NONNULL = YES;
				CLANG_ANALYZER_NUMBER_OBJECT_CONVERSION = YES_AGGRESSIVE;
				CLANG_CXX_LANGUAGE_STANDARD = "gnu++17";
				CLANG_CXX_LIBRARY = "libc++";
				CLANG_ENABLE_MODULES = YES;
				CLANG_ENABLE_OBJC_ARC = YES;
				CLANG_ENABLE_OBJC_WEAK = YES;
				CLANG_WARN_BLOCK_CAPTURE_AUTORELEASING = YES;
				CLANG_WARN_BOOL_CONVERSION = YES;
				CLANG_WARN_COMMA = YES;
				CLANG_WARN_CONSTANT_CONVERSION = YES;
				CLANG_WARN_DEPRECATED_OBJC_IMPLEMENTATIONS = YES;
				CLANG_WARN_DIRECT_OBJC_ISA_USAGE = YES_ERROR;
				CLANG_WARN_DOCUMENTATION_COMMENTS = YES;
				CLANG_WARN_EMPTY_BODY = YES;
				CLANG_WARN_ENUM_CONVERSION = YES;
				CLANG_WARN_INFINITE_RECURSION = YES;
				CLANG_WARN_INT_CONVERSION = YES;
				CLANG_WARN_NON_LITERAL_NULL_CONVERSION = YES;
				CLANG_WARN_OBJC_IMPLICIT_RETAIN_SELF = YES;
				CLANG_WARN_OBJC_LITERAL_CONVERSION = YES;
				CLANG_WARN_OBJC_ROOT_CLASS = YES_ERROR;
				CLANG_WARN_QUOTED_INCLUDE_IN_FRAMEWORK_HEADER = YES;
				CLANG_WARN_RANGE_LOOP_ANALYSIS = YES;
				CLANG_WARN_STRICT_PROTOTYPES = YES;
				CLANG_WARN_SUSPICIOUS_MOVE = YES;
				CLANG_WARN_UNGUARDED_AVAILABILITY = YES_AGGRESSIVE;
				CLANG_WARN_UNREACHABLE_CODE = YES;
				CLANG_WARN__DUPLICATE_METHOD_MATCH = YES;
				COPY_PHASE_STRIP = NO;
				DEBUG_INFORMATION_FORMAT = dwarf;
				ENABLE_STRICT_OBJC_MSGSEND = YES;
				ENABLE_TESTABILITY = YES;
				GCC_C_LANGUAGE_STANDARD = gnu11;
				GCC_DYNAMIC_NO_PIC = NO;
				GCC_NO_COMMON_BLOCKS = YES;
				GCC_OPTIMIZATION_LEVEL = 0;
				GCC_PREPROCESSOR_DEFINITIONS = (
					"DEBUG=1",
					"$(inherited)",
				);
				GCC_WARN_64_TO_32_BIT_CONVERSION = YES;
				GCC_WARN_ABOUT_RETURN_TYPE = YES_ERROR;
				GCC_WARN_UNDECLARED_SELECTOR = YES;
				GCC_WARN_UNINITIALIZED_AUTOS = YES_AGGRESSIVE;
				GCC_WARN_UNUSED_FUNCTION = YES;
				GCC_WARN_UNUSED_VARIABLE = YES;
				IPHONEOS_DEPLOYMENT_TARGET = 15.2;
				MTL_ENABLE_DEBUG_INFO = INCLUDE_SOURCE;
				MTL_FAST_MATH = YES;
				ONLY_ACTIVE_ARCH = YES;
				SDKROOT = iphoneos;
				SWIFT_ACTIVE_COMPILATION_CONDITIONS = DEBUG;
				SWIFT_OPTIMIZATION_LEVEL = "-Onone";
			};
			name = Debug;
		};
		49FA6C7C28498EB3008F4F77 /* Release */ = {
			isa = XCBuildConfiguration;
			buildSettings = {
				ALWAYS_SEARCH_USER_PATHS = NO;
				CLANG_ANALYZER_NONNULL = YES;
				CLANG_ANALYZER_NUMBER_OBJECT_CONVERSION = YES_AGGRESSIVE;
				CLANG_CXX_LANGUAGE_STANDARD = "gnu++17";
				CLANG_CXX_LIBRARY = "libc++";
				CLANG_ENABLE_MODULES = YES;
				CLANG_ENABLE_OBJC_ARC = YES;
				CLANG_ENABLE_OBJC_WEAK = YES;
				CLANG_WARN_BLOCK_CAPTURE_AUTORELEASING = YES;
				CLANG_WARN_BOOL_CONVERSION = YES;
				CLANG_WARN_COMMA = YES;
				CLANG_WARN_CONSTANT_CONVERSION = YES;
				CLANG_WARN_DEPRECATED_OBJC_IMPLEMENTATIONS = YES;
				CLANG_WARN_DIRECT_OBJC_ISA_USAGE = YES_ERROR;
				CLANG_WARN_DOCUMENTATION_COMMENTS = YES;
				CLANG_WARN_EMPTY_BODY = YES;
				CLANG_WARN_ENUM_CONVERSION = YES;
				CLANG_WARN_INFINITE_RECURSION = YES;
				CLANG_WARN_INT_CONVERSION = YES;
				CLANG_WARN_NON_LITERAL_NULL_CONVERSION = YES;
				CLANG_WARN_OBJC_IMPLICIT_RETAIN_SELF = YES;
				CLANG_WARN_OBJC_LITERAL_CONVERSION = YES;
				CLANG_WARN_OBJC_ROOT_CLASS = YES_ERROR;
				CLANG_WARN_QUOTED_INCLUDE_IN_FRAMEWORK_HEADER = YES;
				CLANG_WARN_RANGE_LOOP_ANALYSIS = YES;
				CLANG_WARN_STRICT_PROTOTYPES = YES;
				CLANG_WARN_SUSPICIOUS_MOVE = YES;
				CLANG_WARN_UNGUARDED_AVAILABILITY = YES_AGGRESSIVE;
				CLANG_WARN_UNREACHABLE_CODE = YES;
				CLANG_WARN__DUPLICATE_METHOD_MATCH = YES;
				COPY_PHASE_STRIP = NO;
				DEBUG_INFORMATION_FORMAT = "dwarf-with-dsym";
				ENABLE_NS_ASSERTIONS = NO;
				ENABLE_STRICT_OBJC_MSGSEND = YES;
				GCC_C_LANGUAGE_STANDARD = gnu11;
				GCC_NO_COMMON_BLOCKS = YES;
				GCC_WARN_64_TO_32_BIT_CONVERSION = YES;
				GCC_WARN_ABOUT_RETURN_TYPE = YES_ERROR;
				GCC_WARN_UNDECLARED_SELECTOR = YES;
				GCC_WARN_UNINITIALIZED_AUTOS = YES_AGGRESSIVE;
				GCC_WARN_UNUSED_FUNCTION = YES;
				GCC_WARN_UNUSED_VARIABLE = YES;
				IPHONEOS_DEPLOYMENT_TARGET = 15.2;
				MTL_ENABLE_DEBUG_INFO = NO;
				MTL_FAST_MATH = YES;
				SDKROOT = iphoneos;
				SWIFT_COMPILATION_MODE = wholemodule;
				SWIFT_OPTIMIZATION_LEVEL = "-O";
				VALIDATE_PRODUCT = YES;
			};
			name = Release;
		};
		49FA6C7E28498EB3008F4F77 /* Debug */ = {
			isa = XCBuildConfiguration;
			buildSettings = {
				ASSETCATALOG_COMPILER_APPICON_NAME = AppIcon;
				ASSETCATALOG_COMPILER_GLOBAL_ACCENT_COLOR_NAME = AccentColor;
				CODE_SIGN_ENTITLEMENTS = LeftHand/LeftHand.entitlements;
				CODE_SIGN_STYLE = Automatic;
				CURRENT_PROJECT_VERSION = 1;
				DEVELOPMENT_ASSET_PATHS = "\"LeftHand/Preview Content\"";
				DEVELOPMENT_TEAM = JL2ZYSYD53;
				ENABLE_PREVIEWS = YES;
				GENERATE_INFOPLIST_FILE = YES;
				INFOPLIST_FILE = LeftHand/Info.plist;
				INFOPLIST_KEY_UIApplicationSceneManifest_Generation = YES;
				INFOPLIST_KEY_UIApplicationSupportsIndirectInputEvents = YES;
				INFOPLIST_KEY_UILaunchScreen_Generation = YES;
				INFOPLIST_KEY_UISupportedInterfaceOrientations_iPad = "UIInterfaceOrientationPortrait UIInterfaceOrientationPortraitUpsideDown UIInterfaceOrientationLandscapeLeft UIInterfaceOrientationLandscapeRight";
				INFOPLIST_KEY_UISupportedInterfaceOrientations_iPhone = "UIInterfaceOrientationPortrait UIInterfaceOrientationLandscapeLeft UIInterfaceOrientationLandscapeRight";
				LD_RUNPATH_SEARCH_PATHS = (
					"$(inherited)",
					"@executable_path/Frameworks",
				);
				MARKETING_VERSION = 1.0;
				PRODUCT_BUNDLE_IDENTIFIER = aspt.LeftHand;
				PRODUCT_NAME = "$(TARGET_NAME)";
				SWIFT_EMIT_LOC_STRINGS = YES;
				SWIFT_VERSION = 5.0;
				TARGETED_DEVICE_FAMILY = "1,2";
			};
			name = Debug;
		};
		49FA6C7F28498EB3008F4F77 /* Release */ = {
			isa = XCBuildConfiguration;
			buildSettings = {
				ASSETCATALOG_COMPILER_APPICON_NAME = AppIcon;
				ASSETCATALOG_COMPILER_GLOBAL_ACCENT_COLOR_NAME = AccentColor;
				CODE_SIGN_ENTITLEMENTS = LeftHand/LeftHand.entitlements;
				CODE_SIGN_STYLE = Automatic;
				CURRENT_PROJECT_VERSION = 1;
				DEVELOPMENT_ASSET_PATHS = "\"LeftHand/Preview Content\"";
				DEVELOPMENT_TEAM = JL2ZYSYD53;
				ENABLE_PREVIEWS = YES;
				GENERATE_INFOPLIST_FILE = YES;
				INFOPLIST_FILE = LeftHand/Info.plist;
				INFOPLIST_KEY_UIApplicationSceneManifest_Generation = YES;
				INFOPLIST_KEY_UIApplicationSupportsIndirectInputEvents = YES;
				INFOPLIST_KEY_UILaunchScreen_Generation = YES;
				INFOPLIST_KEY_UISupportedInterfaceOrientations_iPad = "UIInterfaceOrientationPortrait UIInterfaceOrientationPortraitUpsideDown UIInterfaceOrientationLandscapeLeft UIInterfaceOrientationLandscapeRight";
				INFOPLIST_KEY_UISupportedInterfaceOrientations_iPhone = "UIInterfaceOrientationPortrait UIInterfaceOrientationLandscapeLeft UIInterfaceOrientationLandscapeRight";
				LD_RUNPATH_SEARCH_PATHS = (
					"$(inherited)",
					"@executable_path/Frameworks",
				);
				MARKETING_VERSION = 1.0;
				PRODUCT_BUNDLE_IDENTIFIER = aspt.LeftHand;
				PRODUCT_NAME = "$(TARGET_NAME)";
				SWIFT_EMIT_LOC_STRINGS = YES;
				SWIFT_VERSION = 5.0;
				TARGETED_DEVICE_FAMILY = "1,2";
			};
			name = Release;
		};
/* End XCBuildConfiguration section */

/* Begin XCConfigurationList section */
		495D506A286D1B54005786E2 /* Build configuration list for PBXNativeTarget "LeftHandPathRenderer" */ = {
			isa = XCConfigurationList;
			buildConfigurations = (
				495D5068286D1B54005786E2 /* Debug */,
				495D5069286D1B54005786E2 /* Release */,
			);
			defaultConfigurationIsVisible = 0;
			defaultConfigurationName = Release;
		};
		499D443228596C05008F8D38 /* Build configuration list for PBXNativeTarget "LeftHandMac" */ = {
			isa = XCConfigurationList;
			buildConfigurations = (
				499D443328596C05008F8D38 /* Debug */,
				499D443428596C05008F8D38 /* Release */,
			);
			defaultConfigurationIsVisible = 0;
			defaultConfigurationName = Release;
		};
		49FA6C6A28498EB2008F4F77 /* Build configuration list for PBXProject "LeftHand" */ = {
			isa = XCConfigurationList;
			buildConfigurations = (
				49FA6C7B28498EB3008F4F77 /* Debug */,
				49FA6C7C28498EB3008F4F77 /* Release */,
			);
			defaultConfigurationIsVisible = 0;
			defaultConfigurationName = Release;
		};
		49FA6C7D28498EB3008F4F77 /* Build configuration list for PBXNativeTarget "LeftHand" */ = {
			isa = XCConfigurationList;
			buildConfigurations = (
				49FA6C7E28498EB3008F4F77 /* Debug */,
				49FA6C7F28498EB3008F4F77 /* Release */,
			);
			defaultConfigurationIsVisible = 0;
			defaultConfigurationName = Release;
		};
/* End XCConfigurationList section */

/* Begin XCVersionGroup section */
		499D443728596C9A008F8D38 /* LeftHand.xcdatamodeld */ = {
			isa = XCVersionGroup;
			children = (
				499D443828596C9A008F8D38 /* Store.xcdatamodel */,
			);
			currentVersion = 499D443828596C9A008F8D38 /* Store.xcdatamodel */;
			name = LeftHand.xcdatamodeld;
			path = ../LeftHand/LeftHand.xcdatamodeld;
			sourceTree = "<group>";
			versionGroupType = wrapper.xcdatamodel;
		};
		49FA6C822849AD42008F4F77 /* LeftHand.xcdatamodeld */ = {
			isa = XCVersionGroup;
			children = (
				49FA6C832849AD42008F4F77 /* Store.xcdatamodel */,
			);
			currentVersion = 49FA6C832849AD42008F4F77 /* Store.xcdatamodel */;
			path = LeftHand.xcdatamodeld;
			sourceTree = "<group>";
			versionGroupType = wrapper.xcdatamodel;
		};
/* End XCVersionGroup section */
	};
	rootObject = 49FA6C6728498EB2008F4F77 /* Project object */;
}
